
Microsoft Visual Studio Solution File, Format Version 12.00
# Visual Studio Version 17
VisualStudioVersion = 17.9.34728.123
MinimumVisualStudioVersion = 10.0.40219.1
Project("{8BC9CEB8-8B4A-11D0-8D11-00A0C91BC942}") = "ConsoleApplication17", "ConsoleApplication17\ConsoleApplication17.vcxproj", "{024EBBAD-B862-41C6-BA81-A80CAA8354EC}"
EndProject
Global
	GlobalSection(SolutionConfigurationPlatforms) = preSolution
		Debug|x64 = Debug|x64
		Debug|x86 = Debug|x86
		Release|x64 = Release|x64
		Release|x86 = Release|x86
	EndGlobalSection
	GlobalSection(ProjectConfigurationPlatforms) = postSolution
		{024EBBAD-B862-41C6-BA81-A80CAA8354EC}.Debug|x64.ActiveCfg = Debug|x64
		{024EBBAD-B862-41C6-BA81-A80CAA8354EC}.Debug|x64.Build.0 = Debug|x64
		{024EBBAD-B862-41C6-BA81-A80CAA8354EC}.Debug|x86.ActiveCfg = Debug|Win32
		{024EBBAD-B862-41C6-BA81-A80CAA8354EC}.Debug|x86.Build.0 = Debug|Win32
		{024EBBAD-B862-41C6-BA81-A80CAA8354EC}.Release|x64.ActiveCfg = Release|x64
		{024EBBAD-B862-41C6-BA81-A80CAA8354EC}.Release|x64.Build.0 = Release|x64
		{024EBBAD-B862-41C6-BA81-A80CAA8354EC}.Release|x86.ActiveCfg = Release|Win32
		{024EBBAD-B862-41C6-BA81-A80CAA8354EC}.Release|x86.Build.0 = Release|Win32
	EndGlobalSection
	GlobalSection(SolutionProperties) = preSolution
		HideSolutionNode = FALSE
	EndGlobalSection
	GlobalSection(ExtensibilityGlobals) = postSolution
		SolutionGuid = {85062A93-E234-4FE0-AE5C-7DC8A7FABDB9}
	EndGlobalSection
EndGlobal
